// !$*UTF8*$!
{
	archiveVersion = 1;
	classes = {
	};
	objectVersion = 46;
	objects = {

/* Begin PBXAggregateTarget section */
		"SquirrelJSON::SquirrelJSONPackageTests::ProductTarget" /* SquirrelJSONPackageTests */ = {
			isa = PBXAggregateTarget;
			buildConfigurationList = OBJ_50 /* Build configuration list for PBXAggregateTarget "SquirrelJSONPackageTests" */;
			buildPhases = (
			);
			dependencies = (
				OBJ_53 /* PBXTargetDependency */,
			);
			name = SquirrelJSONPackageTests;
			productName = SquirrelJSONPackageTests;
		};
/* End PBXAggregateTarget section */

/* Begin PBXBuildFile section */
		EBA599541F8C07400062CE43 /* JSONTests.swift in Sources */ = {isa = PBXBuildFile; fileRef = EBA599521F8C07400062CE43 /* JSONTests.swift */; };
		EBA599551F8C07400062CE43 /* JSONCodingTests.swift in Sources */ = {isa = PBXBuildFile; fileRef = EBA599531F8C07400062CE43 /* JSONCodingTests.swift */; };
		OBJ_27 /* Package.swift in Sources */ = {isa = PBXBuildFile; fileRef = OBJ_6 /* Package.swift */; };
		OBJ_35 /* SquirrelJSON.framework in Frameworks */ = {isa = PBXBuildFile; fileRef = "SquirrelJSON::SquirrelJSON::Product" /* SquirrelJSON.framework */; };
		OBJ_43 /* JSON+ExpressibleBy.swift in Sources */ = {isa = PBXBuildFile; fileRef = OBJ_11 /* JSON+ExpressibleBy.swift */; };
		OBJ_44 /* JSON.swift in Sources */ = {isa = PBXBuildFile; fileRef = OBJ_12 /* JSON.swift */; };
		OBJ_45 /* JSONCoding.swift in Sources */ = {isa = PBXBuildFile; fileRef = OBJ_13 /* JSONCoding.swift */; };
		OBJ_46 /* JSONError.swift in Sources */ = {isa = PBXBuildFile; fileRef = OBJ_14 /* JSONError.swift */; };
		OBJ_47 /* SquirrelJSONEncodable.swift in Sources */ = {isa = PBXBuildFile; fileRef = OBJ_15 /* SquirrelJSONEncodable.swift */; };
/* End PBXBuildFile section */

/* Begin PBXContainerItemProxy section */
		EBA599501F8C06F80062CE43 /* PBXContainerItemProxy */ = {
			isa = PBXContainerItemProxy;
			containerPortal = OBJ_1 /* Project object */;
			proxyType = 1;
			remoteGlobalIDString = "SquirrelJSON::SquirrelJSON";
			remoteInfo = SquirrelJSON;
		};
		EBA599511F8C06F80062CE43 /* PBXContainerItemProxy */ = {
			isa = PBXContainerItemProxy;
			containerPortal = OBJ_1 /* Project object */;
			proxyType = 1;
			remoteGlobalIDString = "SquirrelJSON::SquirrelJSONTests";
			remoteInfo = SquirrelJSONTests;
		};
/* End PBXContainerItemProxy section */

/* Begin PBXFileReference section */
		EBA599521F8C07400062CE43 /* JSONTests.swift */ = {isa = PBXFileReference; lastKnownFileType = sourcecode.swift; path = JSONTests.swift; sourceTree = "<group>"; };
		EBA599531F8C07400062CE43 /* JSONCodingTests.swift */ = {isa = PBXFileReference; lastKnownFileType = sourcecode.swift; path = JSONCodingTests.swift; sourceTree = "<group>"; };
		OBJ_11 /* JSON+ExpressibleBy.swift */ = {isa = PBXFileReference; lastKnownFileType = sourcecode.swift; path = "JSON+ExpressibleBy.swift"; sourceTree = "<group>"; };
		OBJ_12 /* JSON.swift */ = {isa = PBXFileReference; lastKnownFileType = sourcecode.swift; path = JSON.swift; sourceTree = "<group>"; };
		OBJ_13 /* JSONCoding.swift */ = {isa = PBXFileReference; lastKnownFileType = sourcecode.swift; path = JSONCoding.swift; sourceTree = "<group>"; };
		OBJ_14 /* JSONError.swift */ = {isa = PBXFileReference; lastKnownFileType = sourcecode.swift; path = JSONError.swift; sourceTree = "<group>"; };
		OBJ_15 /* SquirrelJSONEncodable.swift */ = {isa = PBXFileReference; lastKnownFileType = sourcecode.swift; path = SquirrelJSONEncodable.swift; sourceTree = "<group>"; };
		OBJ_6 /* Package.swift */ = {isa = PBXFileReference; explicitFileType = sourcecode.swift; path = Package.swift; sourceTree = "<group>"; };
		"SquirrelJSON::SquirrelJSON::Product" /* SquirrelJSON.framework */ = {isa = PBXFileReference; explicitFileType = wrapper.framework; path = SquirrelJSON.framework; sourceTree = BUILT_PRODUCTS_DIR; };
		"SquirrelJSON::SquirrelJSONTests::Product" /* SquirrelJSONTests.xctest */ = {isa = PBXFileReference; lastKnownFileType = file; path = SquirrelJSONTests.xctest; sourceTree = BUILT_PRODUCTS_DIR; };
/* End PBXFileReference section */

/* Begin PBXFrameworksBuildPhase section */
		OBJ_34 /* Frameworks */ = {
			isa = PBXFrameworksBuildPhase;
			buildActionMask = 0;
			files = (
				OBJ_35 /* SquirrelJSON.framework in Frameworks */,
			);
			runOnlyForDeploymentPostprocessing = 0;
		};
		OBJ_48 /* Frameworks */ = {
			isa = PBXFrameworksBuildPhase;
			buildActionMask = 0;
			files = (
			);
			runOnlyForDeploymentPostprocessing = 0;
		};
/* End PBXFrameworksBuildPhase section */

/* Begin PBXGroup section */
		OBJ_16 /* Tests */ = {
			isa = PBXGroup;
			children = (
				OBJ_17 /* SquirrelJSONTests */,
			);
			name = Tests;
			sourceTree = SOURCE_ROOT;
		};
		OBJ_17 /* SquirrelJSONTests */ = {
			isa = PBXGroup;
			children = (
				EBA599531F8C07400062CE43 /* JSONCodingTests.swift */,
				EBA599521F8C07400062CE43 /* JSONTests.swift */,
			);
			name = SquirrelJSONTests;
			path = Tests/SquirrelJSONTests;
			sourceTree = SOURCE_ROOT;
		};
		OBJ_19 /* Products */ = {
			isa = PBXGroup;
			children = (
				"SquirrelJSON::SquirrelJSONTests::Product" /* SquirrelJSONTests.xctest */,
				"SquirrelJSON::SquirrelJSON::Product" /* SquirrelJSON.framework */,
			);
			name = Products;
			sourceTree = BUILT_PRODUCTS_DIR;
		};
		OBJ_5 /*  */ = {
			isa = PBXGroup;
			children = (
				OBJ_6 /* Package.swift */,
				OBJ_7 /* Sources */,
				OBJ_16 /* Tests */,
				OBJ_19 /* Products */,
			);
			name = "";
			sourceTree = "<group>";
		};
		OBJ_7 /* Sources */ = {
			isa = PBXGroup;
			children = (
				OBJ_8 /* SquirrelJSON */,
			);
			name = Sources;
			sourceTree = SOURCE_ROOT;
		};
		OBJ_8 /* SquirrelJSON */ = {
			isa = PBXGroup;
			children = (
				OBJ_11 /* JSON+ExpressibleBy.swift */,
				OBJ_12 /* JSON.swift */,
				OBJ_13 /* JSONCoding.swift */,
				OBJ_14 /* JSONError.swift */,
				OBJ_15 /* SquirrelJSONEncodable.swift */,
			);
			name = SquirrelJSON;
			path = Sources/SquirrelJSON;
			sourceTree = SOURCE_ROOT;
		};
/* End PBXGroup section */

/* Begin PBXNativeTarget section */
		"SquirrelJSON::SquirrelJSON" /* SquirrelJSON */ = {
			isa = PBXNativeTarget;
			buildConfigurationList = OBJ_38 /* Build configuration list for PBXNativeTarget "SquirrelJSON" */;
			buildPhases = (
				OBJ_41 /* Sources */,
				OBJ_48 /* Frameworks */,
			);
			buildRules = (
			);
			dependencies = (
			);
			name = SquirrelJSON;
			productName = SquirrelJSON;
			productReference = "SquirrelJSON::SquirrelJSON::Product" /* SquirrelJSON.framework */;
			productType = "com.apple.product-type.framework";
		};
		"SquirrelJSON::SquirrelJSONTests" /* SquirrelJSONTests */ = {
			isa = PBXNativeTarget;
			buildConfigurationList = OBJ_29 /* Build configuration list for PBXNativeTarget "SquirrelJSONTests" */;
			buildPhases = (
				OBJ_32 /* Sources */,
				OBJ_34 /* Frameworks */,
			);
			buildRules = (
			);
			dependencies = (
				OBJ_36 /* PBXTargetDependency */,
			);
			name = SquirrelJSONTests;
			productName = SquirrelJSONTests;
			productReference = "SquirrelJSON::SquirrelJSONTests::Product" /* SquirrelJSONTests.xctest */;
			productType = "com.apple.product-type.bundle.unit-test";
		};
		"SquirrelJSON::SwiftPMPackageDescription" /* SquirrelJSONPackageDescription */ = {
			isa = PBXNativeTarget;
			buildConfigurationList = OBJ_23 /* Build configuration list for PBXNativeTarget "SquirrelJSONPackageDescription" */;
			buildPhases = (
				OBJ_26 /* Sources */,
			);
			buildRules = (
			);
			dependencies = (
			);
			name = SquirrelJSONPackageDescription;
			productName = SquirrelJSONPackageDescription;
			productType = "com.apple.product-type.framework";
		};
/* End PBXNativeTarget section */

/* Begin PBXProject section */
		OBJ_1 /* Project object */ = {
			isa = PBXProject;
			attributes = {
				LastUpgradeCheck = 9999;
			};
			buildConfigurationList = OBJ_2 /* Build configuration list for PBXProject "SquirrelJSON" */;
			compatibilityVersion = "Xcode 3.2";
			developmentRegion = English;
			hasScannedForEncodings = 0;
			knownRegions = (
				en,
			);
			mainGroup = OBJ_5 /*  */;
			productRefGroup = OBJ_19 /* Products */;
			projectDirPath = "";
			projectRoot = "";
			targets = (
				"SquirrelJSON::SwiftPMPackageDescription" /* SquirrelJSONPackageDescription */,
				"SquirrelJSON::SquirrelJSONTests" /* SquirrelJSONTests */,
				"SquirrelJSON::SquirrelJSON" /* SquirrelJSON */,
				"SquirrelJSON::SquirrelJSONPackageTests::ProductTarget" /* SquirrelJSONPackageTests */,
			);
		};
/* End PBXProject section */

/* Begin PBXSourcesBuildPhase section */
		OBJ_26 /* Sources */ = {
			isa = PBXSourcesBuildPhase;
			buildActionMask = 0;
			files = (
				OBJ_27 /* Package.swift in Sources */,
			);
			runOnlyForDeploymentPostprocessing = 0;
		};
		OBJ_32 /* Sources */ = {
			isa = PBXSourcesBuildPhase;
			buildActionMask = 0;
			files = (
				EBA599551F8C07400062CE43 /* JSONCodingTests.swift in Sources */,
				EBA599541F8C07400062CE43 /* JSONTests.swift in Sources */,
			);
			runOnlyForDeploymentPostprocessing = 0;
		};
		OBJ_41 /* Sources */ = {
			isa = PBXSourcesBuildPhase;
			buildActionMask = 0;
			files = (
				OBJ_43 /* JSON+ExpressibleBy.swift in Sources */,
				OBJ_44 /* JSON.swift in Sources */,
				OBJ_45 /* JSONCoding.swift in Sources */,
				OBJ_46 /* JSONError.swift in Sources */,
				OBJ_47 /* SquirrelJSONEncodable.swift in Sources */,
			);
			runOnlyForDeploymentPostprocessing = 0;
		};
/* End PBXSourcesBuildPhase section */

/* Begin PBXTargetDependency section */
		OBJ_36 /* PBXTargetDependency */ = {
			isa = PBXTargetDependency;
			target = "SquirrelJSON::SquirrelJSON" /* SquirrelJSON */;
			targetProxy = EBA599501F8C06F80062CE43 /* PBXContainerItemProxy */;
		};
		OBJ_53 /* PBXTargetDependency */ = {
			isa = PBXTargetDependency;
			target = "SquirrelJSON::SquirrelJSONTests" /* SquirrelJSONTests */;
			targetProxy = EBA599511F8C06F80062CE43 /* PBXContainerItemProxy */;
		};
/* End PBXTargetDependency section */

/* Begin XCBuildConfiguration section */
		OBJ_24 /* Debug */ = {
			isa = XCBuildConfiguration;
			buildSettings = {
				LD = /usr/bin/true;
				OTHER_SWIFT_FLAGS = "-swift-version 4 -I /Users/Navel/Downloads/Xcode-beta.app/Contents/Developer/Toolchains/XcodeDefault.xctoolchain/usr/lib/swift/pm/4 -target x86_64-apple-macosx10.10 -sdk /Users/Navel/Downloads/Xcode-beta.app/Contents/Developer/Platforms/MacOSX.platform/Developer/SDKs/MacOSX10.13.sdk";
				SWIFT_VERSION = 4.0;
			};
			name = Debug;
		};
		OBJ_25 /* Release */ = {
			isa = XCBuildConfiguration;
			buildSettings = {
				LD = /usr/bin/true;
				OTHER_SWIFT_FLAGS = "-swift-version 4 -I /Users/Navel/Downloads/Xcode-beta.app/Contents/Developer/Toolchains/XcodeDefault.xctoolchain/usr/lib/swift/pm/4 -target x86_64-apple-macosx10.10 -sdk /Users/Navel/Downloads/Xcode-beta.app/Contents/Developer/Platforms/MacOSX.platform/Developer/SDKs/MacOSX10.13.sdk";
				SWIFT_VERSION = 4.0;
			};
			name = Release;
		};
		OBJ_3 /* Debug */ = {
			isa = XCBuildConfiguration;
			buildSettings = {
				CLANG_ENABLE_OBJC_ARC = YES;
				COMBINE_HIDPI_IMAGES = YES;
				COPY_PHASE_STRIP = NO;
				DEBUG_INFORMATION_FORMAT = dwarf;
				DYLIB_INSTALL_NAME_BASE = "@rpath";
				ENABLE_NS_ASSERTIONS = YES;
				GCC_OPTIMIZATION_LEVEL = 0;
				MACOSX_DEPLOYMENT_TARGET = 10.10;
				ONLY_ACTIVE_ARCH = YES;
				OTHER_SWIFT_FLAGS = "-DXcode";
				PRODUCT_NAME = "$(TARGET_NAME)";
				SDKROOT = macosx;
				SUPPORTED_PLATFORMS = "macosx iphoneos iphonesimulator appletvos appletvsimulator watchos watchsimulator";
				SWIFT_ACTIVE_COMPILATION_CONDITIONS = SWIFT_PACKAGE;
				SWIFT_OPTIMIZATION_LEVEL = "-Onone";
				USE_HEADERMAP = NO;
			};
			name = Debug;
		};
		OBJ_30 /* Debug */ = {
			isa = XCBuildConfiguration;
			buildSettings = {
				EMBEDDED_CONTENT_CONTAINS_SWIFT = YES;
				FRAMEWORK_SEARCH_PATHS = (
					"$(inherited)",
					"$(PLATFORM_DIR)/Developer/Library/Frameworks",
				);
				HEADER_SEARCH_PATHS = "$(inherited)";
				INFOPLIST_FILE = SquirrelJSON.xcodeproj/SquirrelJSONTests_Info.plist;
				LD_RUNPATH_SEARCH_PATHS = "@loader_path/../Frameworks @loader_path/Frameworks";
				OTHER_LDFLAGS = "$(inherited)";
				OTHER_SWIFT_FLAGS = "$(inherited)";
				SWIFT_VERSION = 4.0;
				TARGET_NAME = SquirrelJSONTests;
			};
			name = Debug;
		};
		OBJ_31 /* Release */ = {
			isa = XCBuildConfiguration;
			buildSettings = {
				EMBEDDED_CONTENT_CONTAINS_SWIFT = YES;
				FRAMEWORK_SEARCH_PATHS = (
					"$(inherited)",
					"$(PLATFORM_DIR)/Developer/Library/Frameworks",
				);
				HEADER_SEARCH_PATHS = "$(inherited)";
				INFOPLIST_FILE = SquirrelJSON.xcodeproj/SquirrelJSONTests_Info.plist;
				LD_RUNPATH_SEARCH_PATHS = "@loader_path/../Frameworks @loader_path/Frameworks";
				OTHER_LDFLAGS = "$(inherited)";
				OTHER_SWIFT_FLAGS = "$(inherited)";
				SWIFT_VERSION = 4.0;
				TARGET_NAME = SquirrelJSONTests;
			};
			name = Release;
		};
		OBJ_39 /* Debug */ = {
			isa = XCBuildConfiguration;
			buildSettings = {
				ENABLE_TESTABILITY = YES;
				FRAMEWORK_SEARCH_PATHS = (
					"$(inherited)",
					"$(PLATFORM_DIR)/Developer/Library/Frameworks",
				);
				HEADER_SEARCH_PATHS = "$(inherited)";
				INFOPLIST_FILE = SquirrelJSON.xcodeproj/SquirrelJSON_Info.plist;
				LD_RUNPATH_SEARCH_PATHS = "$(TOOLCHAIN_DIR)/usr/lib/swift/macosx";
				OTHER_LDFLAGS = "$(inherited)";
				OTHER_SWIFT_FLAGS = "$(inherited)";
				PRODUCT_BUNDLE_IDENTIFIER = SquirrelJSON;
				PRODUCT_MODULE_NAME = "$(TARGET_NAME:c99extidentifier)";
				PRODUCT_NAME = "$(TARGET_NAME:c99extidentifier)";
				SKIP_INSTALL = YES;
				SWIFT_VERSION = 4.0;
				TARGET_NAME = SquirrelJSON;
			};
			name = Debug;
		};
		OBJ_4 /* Release */ = {
			isa = XCBuildConfiguration;
			buildSettings = {
				CLANG_ENABLE_OBJC_ARC = YES;
				COMBINE_HIDPI_IMAGES = YES;
				COPY_PHASE_STRIP = YES;
				DEBUG_INFORMATION_FORMAT = "dwarf-with-dsym";
				DYLIB_INSTALL_NAME_BASE = "@rpath";
				GCC_OPTIMIZATION_LEVEL = s;
				MACOSX_DEPLOYMENT_TARGET = 10.10;
				OTHER_SWIFT_FLAGS = "-DXcode";
				PRODUCT_NAME = "$(TARGET_NAME)";
				SDKROOT = macosx;
				SUPPORTED_PLATFORMS = "macosx iphoneos iphonesimulator appletvos appletvsimulator watchos watchsimulator";
				SWIFT_ACTIVE_COMPILATION_CONDITIONS = SWIFT_PACKAGE;
				SWIFT_OPTIMIZATION_LEVEL = "-Owholemodule";
				USE_HEADERMAP = NO;
			};
			name = Release;
		};
		OBJ_40 /* Release */ = {
			isa = XCBuildConfiguration;
			buildSettings = {
				ENABLE_TESTABILITY = YES;
				FRAMEWORK_SEARCH_PATHS = (
					"$(inherited)",
					"$(PLATFORM_DIR)/Developer/Library/Frameworks",
				);
				HEADER_SEARCH_PATHS = "$(inherited)";
				INFOPLIST_FILE = SquirrelJSON.xcodeproj/SquirrelJSON_Info.plist;
				LD_RUNPATH_SEARCH_PATHS = "$(TOOLCHAIN_DIR)/usr/lib/swift/macosx";
				OTHER_LDFLAGS = "$(inherited)";
				OTHER_SWIFT_FLAGS = "$(inherited)";
				PRODUCT_BUNDLE_IDENTIFIER = SquirrelJSON;
				PRODUCT_MODULE_NAME = "$(TARGET_NAME:c99extidentifier)";
				PRODUCT_NAME = "$(TARGET_NAME:c99extidentifier)";
				SKIP_INSTALL = YES;
				SWIFT_VERSION = 4.0;
				TARGET_NAME = SquirrelJSON;
			};
			name = Release;
		};
		OBJ_51 /* Debug */ = {
			isa = XCBuildConfiguration;
			buildSettings = {
			};
			name = Debug;
		};
		OBJ_52 /* Release */ = {
			isa = XCBuildConfiguration;
			buildSettings = {
			};
			name = Release;
		};
/* End XCBuildConfiguration section */

/* Begin XCConfigurationList section */
		OBJ_2 /* Build configuration list for PBXProject "SquirrelJSON" */ = {
			isa = XCConfigurationList;
			buildConfigurations = (
				OBJ_3 /* Debug */,
				OBJ_4 /* Release */,
			);
			defaultConfigurationIsVisible = 0;
			defaultConfigurationName = Debug;
		};
		OBJ_23 /* Build configuration list for PBXNativeTarget "SquirrelJSONPackageDescription" */ = {
			isa = XCConfigurationList;
			buildConfigurations = (
				OBJ_24 /* Debug */,
				OBJ_25 /* Release */,
			);
			defaultConfigurationIsVisible = 0;
			defaultConfigurationName = Debug;
		};
		OBJ_29 /* Build configuration list for PBXNativeTarget "SquirrelJSONTests" */ = {
			isa = XCConfigurationList;
			buildConfigurations = (
				OBJ_30 /* Debug */,
				OBJ_31 /* Release */,
			);
			defaultConfigurationIsVisible = 0;
			defaultConfigurationName = Debug;
		};
		OBJ_38 /* Build configuration list for PBXNativeTarget "SquirrelJSON" */ = {
			isa = XCConfigurationList;
			buildConfigurations = (
				OBJ_39 /* Debug */,
				OBJ_40 /* Release */,
			);
			defaultConfigurationIsVisible = 0;
			defaultConfigurationName = Debug;
		};
		OBJ_50 /* Build configuration list for PBXAggregateTarget "SquirrelJSONPackageTests" */ = {
			isa = XCConfigurationList;
			buildConfigurations = (
				OBJ_51 /* Debug */,
				OBJ_52 /* Release */,
			);
			defaultConfigurationIsVisible = 0;
			defaultConfigurationName = Debug;
		};
/* End XCConfigurationList section */
	};
	rootObject = OBJ_1 /* Project object */;
}
